
Microsoft Visual Studio Solution File, Format Version 12.00
# Visual Studio Express 2012 for Windows Desktop
Project("{FAE04EC0-301F-11D3-BF4B-00C04F79EFBC}") = "HomeWork_2", "HomeWork_2\HomeWork_2.csproj", "{FC779C95-8AC5-459C-9C19-9FA098F1B0E1}"
EndProject
Global
	GlobalSection(SolutionConfigurationPlatforms) = preSolution
		Debug|Any CPU = Debug|Any CPU
		Release|Any CPU = Release|Any CPU
	EndGlobalSection
	GlobalSection(ProjectConfigurationPlatforms) = postSolution
		{FC779C95-8AC5-459C-9C19-9FA098F1B0E1}.Debug|Any CPU.ActiveCfg = Debug|Any CPU
		{FC779C95-8AC5-459C-9C19-9FA098F1B0E1}.Debug|Any CPU.Build.0 = Debug|Any CPU
		{FC779C95-8AC5-459C-9C19-9FA098F1B0E1}.Release|Any CPU.ActiveCfg = Release|Any CPU
		{FC779C95-8AC5-459C-9C19-9FA098F1B0E1}.Release|Any CPU.Build.0 = Release|Any CPU
	EndGlobalSection
	GlobalSection(SolutionProperties) = preSolution
		HideSolutionNode = FALSE
	EndGlobalSection
EndGlobal
